[[package]]
name = "bcrypt"
version = "4.0.1"
description = "Modern password hashing for your software and your servers"
category = "main"
optional = false
python-versions = ">=3.6"

[package.extras]
tests = ["pytest (>=3.2.1,!=3.3.0)"]
typecheck = ["mypy"]

[[package]]
name = "bidict"
version = "0.22.1"
description = "The bidirectional mapping library for Python."
category = "main"
optional = false
python-versions = ">=3.7"

[package.extras]
docs = ["sphinx", "sphinx-copybutton", "furo"]
lint = ["pre-commit"]
test = ["hypothesis", "pytest", "pytest-benchmark", "pytest-cov", "pytest-xdist", "sortedcollections", "sortedcontainers", "sphinx"]

[[package]]
name = "certifi"
version = "2022.12.7"
description = "Python package for providing Mozilla's CA Bundle."
category = "main"
optional = false
python-versions = ">=3.6"

[[package]]
name = "cffi"
version = "1.15.1"
description = "Foreign Function Interface for Python calling C code."
category = "main"
optional = false
python-versions = "*"

[package.dependencies]
pycparser = "*"

[[package]]
name = "charset-normalizer"
version = "3.0.1"
description = "The Real First Universal Charset Detector. Open, modern and actively maintained alternative to Chardet."
category = "main"
optional = false
python-versions = "*"

[[package]]
name = "click"
version = "8.1.3"
description = "Composable command line interface toolkit"
category = "main"
optional = false
python-versions = ">=3.7"

[package.dependencies]
colorama = {version = "*", markers = "platform_system == \"Windows\""}

[[package]]
name = "colorama"
version = "0.4.6"
description = "Cross-platform colored terminal text."
category = "main"
optional = false
python-versions = "!=3.0.*,!=3.1.*,!=3.2.*,!=3.3.*,!=3.4.*,!=3.5.*,!=3.6.*,>=2.7"

[[package]]
name = "flask"
version = "2.2.3"
description = "A simple framework for building complex web applications."
category = "main"
optional = false
python-versions = ">=3.7"

[package.dependencies]
click = ">=8.0"
importlib-metadata = {version = ">=3.6.0", markers = "python_version < \"3.10\""}
itsdangerous = ">=2.0"
Jinja2 = ">=3.0"
Werkzeug = ">=2.2.2"

[package.extras]
async = ["asgiref (>=3.2)"]
dotenv = ["python-dotenv"]

[[package]]
name = "flask-socketio"
version = "5.3.2"
description = "Socket.IO integration for Flask applications"
category = "main"
optional = false
python-versions = ">=3.6"

[package.dependencies]
Flask = ">=0.9"
python-socketio = ">=5.0.2"

[[package]]
name = "gevent"
version = "22.10.2"
description = "Coroutine-based network library"
category = "main"
optional = false
python-versions = ">=2.7,!=3.0.*,!=3.1.*,!=3.2.*,!=3.3.*,!=3.4.*,!=3.5"

[package.dependencies]
cffi = {version = ">=1.12.2", markers = "platform_python_implementation == \"CPython\" and sys_platform == \"win32\""}
greenlet = {version = ">=2.0.0", markers = "platform_python_implementation == \"CPython\""}
"zope.event" = "*"
"zope.interface" = "*"

[package.extras]
dnspython = ["dnspython (>=1.16.0,<2.0)", "idna"]
docs = ["repoze.sphinx.autointerface", "sphinxcontrib-programoutput", "zope.schema"]
monitor = ["psutil (>=5.7.0)"]
recommended = ["cffi (>=1.12.2)", "dnspython (>=1.16.0,<2.0)", "idna", "selectors2", "backports.socketpair", "psutil (>=5.7.0)"]
test = ["requests", "objgraph", "cffi (>=1.12.2)", "dnspython (>=1.16.0,<2.0)", "idna", "selectors2", "futures", "mock", "backports.socketpair", "contextvars (==2.4)", "coverage (>=5.0)", "coveralls (>=1.7.0)", "psutil (>=5.7.0)"]

[[package]]
name = "greenlet"
version = "2.0.2"
description = "Lightweight in-process concurrent programming"
category = "main"
optional = false
python-versions = ">=2.7,!=3.0.*,!=3.1.*,!=3.2.*,!=3.3.*,!=3.4.*"

[package.extras]
docs = ["sphinx", "docutils (<0.18)"]
test = ["objgraph", "psutil"]

[[package]]
name = "idna"
version = "3.4"
description = "Internationalized Domain Names in Applications (IDNA)"
category = "main"
optional = false
python-versions = ">=3.5"

[[package]]
name = "importlib-metadata"
version = "6.0.0"
description = "Read metadata from Python packages"
category = "main"
optional = false
python-versions = ">=3.7"

[package.dependencies]
zipp = ">=0.5"

[package.extras]
docs = ["sphinx (>=3.5)", "jaraco.packaging (>=9)", "rst.linker (>=1.9)", "furo", "sphinx-lint", "jaraco.tidelift (>=1.4)"]
perf = ["ipython"]
testing = ["pytest (>=6)", "pytest-checkdocs (>=2.4)", "flake8 (<5)", "pytest-cov", "pytest-enabler (>=1.3)", "packaging", "pyfakefs", "flufl.flake8", "pytest-perf (>=0.9.2)", "pytest-black (>=0.3.7)", "pytest-mypy (>=0.9.1)", "pytest-flake8", "importlib-resources (>=1.3)"]

[[package]]
name = "itsdangerous"
version = "2.1.2"
description = "Safely pass data to untrusted environments and back."
category = "main"
optional = false
python-versions = ">=3.7"

[[package]]
name = "jinja2"
version = "3.1.2"
description = "A very fast and expressive template engine."
category = "main"
optional = false
python-versions = ">=3.7"

[package.dependencies]
MarkupSafe = ">=2.0"

[package.extras]
i18n = ["Babel (>=2.7)"]

[[package]]
name = "markupsafe"
version = "2.1.2"
description = "Safely add untrusted strings to HTML/XML markup."
category = "main"
optional = false
python-versions = ">=3.7"

[[package]]
name = "psutil"
version = "5.9.4"
description = "Cross-platform lib for process and system monitoring in Python."
category = "main"
optional = false
python-versions = ">=2.7, !=3.0.*, !=3.1.*, !=3.2.*, !=3.3.*"

[package.extras]
test = ["ipaddress", "mock", "enum34", "pywin32", "wmi"]

[[package]]
name = "pycparser"
version = "2.21"
description = "C parser in Python"
category = "main"
optional = false
python-versions = ">=2.7, !=3.0.*, !=3.1.*, !=3.2.*, !=3.3.*"

[[package]]
name = "pyocclient"
version = "0.6"
description = "Python client library for ownCloud"
category = "main"
optional = false
python-versions = "*"

[package.dependencies]
requests = ">=2.0.1"
six = "*"

[[package]]
name = "python-engineio"
version = "4.3.4"
description = "Engine.IO server and client for Python"
category = "main"
optional = false
python-versions = ">=3.6"

[package.extras]
asyncio_client = ["aiohttp (>=3.4)"]
client = ["requests (>=2.21.0)", "websocket-client (>=0.54.0)"]

[[package]]
name = "python-socketio"
version = "5.7.2"
description = "Socket.IO server and client for Python"
category = "main"
optional = false
python-versions = ">=3.6"

[package.dependencies]
bidict = ">=0.21.0"
python-engineio = ">=4.3.0"

[package.extras]
asyncio_client = ["aiohttp (>=3.4)"]
client = ["requests (>=2.21.0)", "websocket-client (>=0.54.0)"]

[[package]]
name = "requests"
version = "2.28.2"
description = "Python HTTP for Humans."
category = "main"
optional = false
python-versions = ">=3.7, <4"

[package.dependencies]
certifi = ">=2017.4.17"
charset-normalizer = ">=2,<4"
idna = ">=2.5,<4"
urllib3 = ">=1.21.1,<1.27"

[package.extras]
socks = ["PySocks (>=1.5.6,!=1.5.7)"]
use_chardet_on_py3 = ["chardet (>=3.0.2,<6)"]

[[package]]
name = "six"
version = "1.16.0"
description = "Python 2 and 3 compatibility utilities"
category = "main"
optional = false
python-versions = ">=2.7, !=3.0.*, !=3.1.*, !=3.2.*"

[[package]]
name = "snakeviz"
version = "2.1.1"
description = "A web-based viewer for Python profiler output"
category = "main"
optional = false
python-versions = "*"

[package.dependencies]
tornado = ">=2.0"

[[package]]
name = "thecodelabs-baseutils"
version = "1.7.0"
description = "Useful python classes"
category = "main"
optional = false
python-versions = "*"

[package.dependencies]
psutil = "*"
pyocclient = "*"
snakeviz = "*"

[package.source]
type = "legacy"
url = "https://pypi.thecodelabs.de"
reference = "TheCodeLabs"

[[package]]
name = "thecodelabs-flaskutils"
version = "1.2.3"
description = "Useful python classes"
category = "main"
optional = false
python-versions = "*"

[package.dependencies]
bcrypt = "*"
flask = "*"
gevent = "*"

[package.source]
type = "legacy"
url = "https://pypi.thecodelabs.de"
reference = "TheCodeLabs"

[[package]]
name = "tornado"
version = "6.2"
description = "Tornado is a Python web framework and asynchronous networking library, originally developed at FriendFeed."
category = "main"
optional = false
python-versions = ">= 3.7"

[[package]]
name = "urllib3"
version = "1.26.14"
description = "HTTP library with thread-safe connection pooling, file post, and more."
category = "main"
optional = false
python-versions = ">=2.7, !=3.0.*, !=3.1.*, !=3.2.*, !=3.3.*, !=3.4.*, !=3.5.*"

[package.extras]
brotli = ["brotlicffi (>=0.8.0)", "brotli (>=1.0.9)", "brotlipy (>=0.6.0)"]
secure = ["pyOpenSSL (>=0.14)", "cryptography (>=1.3.4)", "idna (>=2.0.0)", "certifi", "urllib3-secure-extra", "ipaddress"]
socks = ["PySocks (>=1.5.6,!=1.5.7,<2.0)"]

[[package]]
name = "werkzeug"
version = "2.2.3"
description = "The comprehensive WSGI web application library."
category = "main"
optional = false
python-versions = ">=3.7"

[package.dependencies]
MarkupSafe = ">=2.1.1"

[package.extras]
watchdog = ["watchdog"]

[[package]]
name = "zipp"
version = "3.15.0"
description = "Backport of pathlib-compatible object wrapper for zip files"
category = "main"
optional = false
python-versions = ">=3.7"

[package.extras]
docs = ["sphinx (>=3.5)", "jaraco.packaging (>=9)", "rst.linker (>=1.9)", "furo", "sphinx-lint", "jaraco.tidelift (>=1.4)"]
testing = ["pytest (>=6)", "pytest-checkdocs (>=2.4)", "flake8 (<5)", "pytest-cov", "pytest-enabler (>=1.3)", "jaraco.itertools", "jaraco.functools", "more-itertools", "big-o", "pytest-black (>=0.3.7)", "pytest-mypy (>=0.9.1)", "pytest-flake8"]

[[package]]
name = "zope.event"
version = "4.6"
description = "Very basic event publishing system"
category = "main"
optional = false
python-versions = "*"

[package.extras]
docs = ["sphinx"]
test = ["zope.testrunner"]

[[package]]
name = "zope.interface"
version = "5.5.2"
description = "Interfaces for Python"
category = "main"
optional = false
python-versions = ">=2.7, !=3.0.*, !=3.1.*, !=3.2.*, !=3.3.*, !=3.4.*"

[package.extras]
docs = ["sphinx", "repoze.sphinx.autointerface"]
test = ["coverage (>=5.0.3)", "zope.event", "zope.testing"]
testing = ["coverage (>=5.0.3)", "zope.event", "zope.testing"]

[metadata]
lock-version = "1.1"
python-versions = "^3.9"
content-hash = "22df0fe011566f4bf92118a16b0ae9f2a6c689af24ae110353bd574ec888afd1"

[metadata.files]
bcrypt = []
bidict = []
certifi = []
cffi = []
charset-normalizer = []
click = []
colorama = []
flask = []
flask-socketio = []
gevent = []
greenlet = []
idna = []
importlib-metadata = []
itsdangerous = []
jinja2 = []
markupsafe = []
psutil = []
pycparser = []
pyocclient = [
    {file = "pyocclient-0.6-py2.7.egg", hash = "sha256:b9fbe49ed6bf7594dbb3dc0dc477c92204dbd7c0b9495166421e74a96b05735c"},
    {file = "pyocclient-0.6-py3.8.egg", hash = "sha256:a02151c0435851ca80582731da52c07f23c70b9c2d185c5f87f6e93c5db63dd3"},
    {file = "pyocclient-0.6.tar.gz", hash = "sha256:a33ddcbbd2ec22d9bc7d76b71dd77896c557221153d1428759780b5fb8fe8fa3"},
]
python-engineio = []
python-socketio = []
requests = []
six = [
    {file = "six-1.16.0-py2.py3-none-any.whl", hash = "sha256:8abb2f1d86890a2dfb989f9a77cfcfd3e47c2a354b01111771326f8aa26e0254"},
    {file = "six-1.16.0.tar.gz", hash = "sha256:1e61c37477a1626458e36f7b1d82aa5c9b094fa4802892072e49de9c60c4c926"},
]
snakeviz = [
    {file = "snakeviz-2.1.1-py2.py3-none-any.whl", hash = "sha256:931142dc927101c9a4b6e89bc0577ff1a3d1886b483a04e6af70c31d2c3dce19"},
    {file = "snakeviz-2.1.1.tar.gz", hash = "sha256:0d96c006304f095cb4b3fb7ed98bb866ca35a7ca4ab9020bbc27d295ee4c94d9"},
]
thecodelabs-baseutils = []
thecodelabs-flaskutils = []
tornado = []
urllib3 = []
werkzeug = []
zipp = []
"zope.event" = []
"zope.interface" = []
